dependencies:
- name: kuberploy-valkey
  repository: file://../kuberploy-valkey
  version: 0.1.0-rc.287
- name: kuberploy-argocd
  repository: file://../kuberploy-argocd
  version: 0.1.0-rc.287
digest: sha256:9b0f53c51d6f19b4b0e650fc06df0346ad8666d309e5b7d3019050f74ff8c873
generated: "2026-08-14T13:37:13Z"
