1f51e862b00472bfd4203c9468e42286bc4eb4aabb5498104bc30ec4bc1fc1dd  charts/kuberploy-installer/charts/kuberploy-installer/charts/kuberploy-argocd-0.1.0-rc.123.tgz
05d90f3050800db48154dd0c8c27cceca5d0042dc39596c2c134dbbf426c78f1  charts/kuberploy-installer/charts/kuberploy-installer/charts/kuberploy-valkey-0.1.0-rc.123.tgz
