f51cd13d10c41bfb829126284e50e0b2735aeecfc41bee20be91a82a7f765446  charts/kuberploy-installer/charts/kuberploy-installer/charts/kuberploy-argocd-0.1.0-rc.124.tgz
62d82326a7d92908309bd4760746d3314bad47138bf41ebb4a04c3b49fd10940  charts/kuberploy-installer/charts/kuberploy-installer/charts/kuberploy-valkey-0.1.0-rc.124.tgz
